# Autogenerated placeholder lockfile for seen_std.
# Each entry records the module path and a content hash so bootstrap builds can
# detect drift once the standard library stabilizes.

version = 1

[[modules]]
path = "src/core/option.seen"
hash = "pending"

[[modules]]
path = "src/core/result.seen"
hash = "pending"

[[modules]]
path = "src/core/prelude.seen"
hash = "pending"

[[modules]]
path = "src/collections/list_utils.seen"
hash = "pending"

[[modules]]
path = "src/async/task.seen"
hash = "pending"

[[modules]]
path = "src/ffi/cinterop.seen"
hash = "pending"
