version = 1

[[modules]]
path = "src/core/option.seen"
hash = "da2740127024874f32b73acafd8301ebbca2722db7d9888c250640c5d385d106"

[[modules]]
path = "src/core/result.seen"
hash = "c32b442210ecd691cd763005cc54b8e0a76d68d8e78e3bca31e6e698baa7a8de"

[[modules]]
path = "src/core/prelude.seen"
hash = "b6d648e01a8245ae22f64b76c07157744ef95643774930a26f737a8a5a934c06"

[[modules]]
path = "src/collections/list_utils.seen"
hash = "052cf0d907526933def8f9e66554a35c02c4fb444dadaeb789b47106d8ab02f6"

[[modules]]
path = "src/collections/vec.seen"
hash = "832ea74414432dc170e52e5295dd95cd5cf72ff99d045d93d4cf4236c26ba0c2"

[[modules]]
path = "src/collections/std_string.seen"
hash = "c389b304136b424944a271d61d59fed4286de6c8cf23aaa40228eb86f644fc6a"

[[modules]]
path = "src/collections/string_hash_map.seen"
hash = "17de7084aa3484167262d7a0078e50fecbad33e01808d1746c8e67120c770697"

[[modules]]
path = "src/collections/string_buffer.seen"
hash = "8aa1d4613f7a58ffbe11f418374c10758194c6198780f5a9e33ce8037fe6d1f3"

[[modules]]
path = "src/io/file.seen"
hash = "0d05ce6ead70588da35997a2cff60d169034494b69a8471ed896a5ef0b7d6c46"

[[modules]]
path = "src/io/direct.seen"
hash = "d331c0645bec6b5c84d23986d164ccc2781942feb9df45addaf4dad3e7c87d5a"

[[modules]]
path = "src/env/env.seen"
hash = "88069c4a0b043083cc5891436c6ace45e205ca3ae7ba265d92d54b64dc329c65"

[[modules]]
path = "src/fs/types.seen"
hash = "73e7033a969faba051057481c0e5f8af9823daddaed532d6caa426a7cc804e49"

[[modules]]
path = "src/fs/file.seen"
hash = "6bc1c0380f4830e699cd527c3ba214a6d0c647ef2f7ceecc1bb037cea2738fcc"

[[modules]]
path = "src/fs/operations.seen"
hash = "a2524b7f3911d988edcbdb8dc18c9c8102046c9ee219b116596ea035698994c2"

[[modules]]
path = "src/fs/path.seen"
hash = "b00e9e63a0cdc43ab123bac0476d4788efec1301932d3ee584fc1d014d1b820c"

[[modules]]
path = "src/fs/mod.seen"
hash = "7da694f20baa2f578bc85af14f69d02e5fddeb0123b7327b97ddca5bd4d31a2d"

[[modules]]
path = "src/process/process.seen"
hash = "b55c02fa3878c1df326323611d72ee6481e6a4624c3db38a67393b7a507b7bb3"

[[modules]]
path = "src/time/backoff.seen"
hash = "529139a77b1e0741943b1d4fd8ca9300fab6b48a5589022572171fbda86a8d6c"

[[modules]]
path = "src/time/format.seen"
hash = "b4aa67c261fccd1c5c51ece30c73d5a591d13e266ab3aa61d74a9cc3480749c0"

[[modules]]
path = "src/time/mod.seen"
hash = "db6df5b0f6845317cf84624fe69791a75732d3d24f1b3137fa12653cb25853a5"

[[modules]]
path = "src/time/time.seen"
hash = "ebb57641c70ef230a0478b3faa2afd49baba2517b7fde5b6acd60e5dff05c490"

[[modules]]
path = "src/time/timer.seen"
hash = "a8a1da1850bead5835929ddab499032f4409c906d7a50102e3c435a9ba069c1c"

[[modules]]
path = "src/async/runtime.seen"
hash = "ab67aad7f93dd4190cda69711a72302acc29d2f833a5b09e4d190b91effc6895"

[[modules]]
path = "src/ffi/cinterop.seen"
hash = "a487cadd0256cfbcb9604cec2ec15632e360798b614f5bd646547d944e40cc7f"

[[modules]]
path = "src/str/string.seen"
hash = "77712139801522651f7d863852bdddf2c9654c313f57e0c11949b5b4258a7df2"

[[modules]]
path = "src/math/math.seen"
hash = "0822f44cfb57260b5db24248087686c7d31caffda4532f93e5b4d9dfadc6c4c3"
