version = 1

[[modules]]
path = "src/core/option.seen"
hash = "dda74197cfdf79a0884fada1138f88ee1d12ea05198c63f07534150dd8876f2d"

[[modules]]
path = "src/core/result.seen"
hash = "57ef402777b1ffb65f94ba80a0bdaf82071e9664a5bf7c133016296d3f2b060c"

[[modules]]
path = "src/core/prelude.seen"
hash = "f96ddc95fd3fb55bdbee33db19ed324fbf6fcb96fc5ff7cc56224515082fa30a"

[[modules]]
path = "src/collections/list_utils.seen"
hash = "ed804cb338e6d11867063c40c44f9fec99b738842986465eba129ce9c45366e7"

[[modules]]
path = "src/async/task.seen"
hash = "e3a48dcf7bde06427c3c36fec0d41356b64551d512be0303c590977008dd9b76"

[[modules]]
path = "src/ffi/cinterop.seen"
hash = "30649d07117d08f2b7d4ebaa67a62b80454ff4d76fd25dafcf04e57efcd132a7"

[[modules]]
path = "src/str/string.seen"
hash = "6588c2f38496789b04753e062f51f1321fe6da788b445218362c386f8f17bbe4"

[[modules]]
path = "src/math/math.seen"
hash = "a81b065538d66879029e60b9178d2a1b0917ae8ad953f8d95885e99a93cbd2b7"
